
Microsoft Visual Studio Solution File, Format Version 12.00
# Visual Studio Version 16
VisualStudioVersion = 16.0.31205.134
MinimumVisualStudioVersion = 10.0.40219.1
Project("{FAE04EC0-301F-11D3-BF4B-00C04F79EFBC}") = "paint_XP", "paint_XP\paint_XP.csproj", "{530807D7-192E-49E8-BCE0-026D39BAEA10}"
EndProject
Global
	GlobalSection(SolutionConfigurationPlatforms) = preSolution
		Debug|Any CPU = Debug|Any CPU
		Release|Any CPU = Release|Any CPU
	EndGlobalSection
	GlobalSection(ProjectConfigurationPlatforms) = postSolution
		{530807D7-192E-49E8-BCE0-026D39BAEA10}.Debug|Any CPU.ActiveCfg = Debug|Any CPU
		{530807D7-192E-49E8-BCE0-026D39BAEA10}.Debug|Any CPU.Build.0 = Debug|Any CPU
		{530807D7-192E-49E8-BCE0-026D39BAEA10}.Release|Any CPU.ActiveCfg = Release|Any CPU
		{530807D7-192E-49E8-BCE0-026D39BAEA10}.Release|Any CPU.Build.0 = Release|Any CPU
	EndGlobalSection
	GlobalSection(SolutionProperties) = preSolution
		HideSolutionNode = FALSE
	EndGlobalSection
	GlobalSection(ExtensibilityGlobals) = postSolution
		SolutionGuid = {DCF0B0E4-44C6-4994-8268-614BBE1F8D17}
	EndGlobalSection
EndGlobal
